<?xml version="1.0" encoding="utf-8"?>
<Project ToolsVersion="4.0" xmlns="http://schemas.microsoft.com/developer/msbuild/2003">
  <ItemGroup>
    <Filter Include="Source Files">
      <UniqueIdentifier>{4FC737F1-C7A5-4376-A066-2A32D752A2FF}</UniqueIdentifier>
      <Extensions>cpp;c;cc;cxx;def;odl;idl;hpj;bat;asm;asmx</Extensions>
    </Filter>
    <Filter Include="Header Files">
      <UniqueIdentifier>{93995380-89BD-4b04-88EB-625FBE52EBFB}</UniqueIdentifier>
      <Extensions>h;hh;hpp;hxx;hm;inl;inc;xsd</Extensions>
    </Filter>
    <Filter Include="Resource Files">
      <UniqueIdentifier>{67DA6AB6-F800-4c08-8B7A-83BB121AAD01}</UniqueIdentifier>
      <Extensions>rc;ico;cur;bmp;dlg;rc2;rct;bin;rgs;gif;jpg;jpeg;jpe;resx;tiff;tif;png;wav;mfcribbon-ms</Extensions>
    </Filter>
    <Filter Include="Header Files\Nodes">
      <UniqueIdentifier>{e1084693-601e-4cb8-a514-22726c5812a4}</UniqueIdentifier>
    </Filter>
    <Filter Include="Source Files\Nodes">
      <UniqueIdentifier>{8a617b25-827c-410a-8d76-ce5b91c47271}</UniqueIdentifier>
    </Filter>
    <Filter Include="Header Files\ResourceManager">
      <UniqueIdentifier>{709a5efa-b652-46bd-91fa-a5a9fcc85b82}</UniqueIdentifier>
    </Filter>
    <Filter Include="Source Files\Colliders">
      <UniqueIdentifier>{87787c87-2319-4ac3-a966-575700af0b17}</UniqueIdentifier>
    </Filter>
    <Filter Include="Header Files\Colliders">
      <UniqueIdentifier>{05dda5eb-76cc-4a39-9c83-6ba952c85b71}</UniqueIdentifier>
    </Filter>
    <Filter Include="Source Files\Entities">
      <UniqueIdentifier>{270fb44a-c70e-414b-a51a-f56c701469e4}</UniqueIdentifier>
    </Filter>
    <Filter Include="Header Files\Entities">
      <UniqueIdentifier>{6f096a9b-385c-468e-8ef6-9ed1c680ad13}</UniqueIdentifier>
    </Filter>
    <Filter Include="Source Files\Entities\Vehicles">
      <UniqueIdentifier>{46123a32-b129-4cb0-a374-4e369f502da0}</UniqueIdentifier>
    </Filter>
    <Filter Include="Header Files\Entities\Vehicles">
      <UniqueIdentifier>{90c5dd09-a7a5-4488-a57b-34e04e16fe1b}</UniqueIdentifier>
    </Filter>
    <Filter Include="Header Files\Entities\Creature">
      <UniqueIdentifier>{7b85e4e7-c46d-45ed-9f9f-36046cbdf49f}</UniqueIdentifier>
    </Filter>
    <Filter Include="Source Files\Creature">
      <UniqueIdentifier>{24399d64-3fba-43d2-aad6-491a21c90a18}</UniqueIdentifier>
    </Filter>
  </ItemGroup>
  <ItemGroup>
    <ClCompile Include="MathDemoApp.cpp">
      <Filter>Source Files</Filter>
    </ClCompile>
    <ClCompile Include="main.cpp">
      <Filter>Source Files</Filter>
    </ClCompile>
    <ClCompile Include="Node.cpp">
      <Filter>Source Files\Nodes</Filter>
    </ClCompile>
    <ClCompile Include="SpriteNode.cpp">
      <Filter>Source Files\Nodes</Filter>
    </ClCompile>
    <ClCompile Include="OBB.cpp">
      <Filter>Source Files\Colliders</Filter>
    </ClCompile>
    <ClCompile Include="GameEntity.cpp">
      <Filter>Source Files\Entities</Filter>
    </ClCompile>
    <ClCompile Include="Vehicle.cpp">
      <Filter>Source Files\Entities\Vehicles</Filter>
    </ClCompile>
    <ClCompile Include="Tank.cpp">
      <Filter>Source Files\Entities\Vehicles</Filter>
    </ClCompile>
    <ClCompile Include="Creature.cpp">
      <Filter>Source Files\Creature</Filter>
    </ClCompile>
    <ClCompile Include="Bullet.cpp">
      <Filter>Source Files</Filter>
    </ClCompile>
  </ItemGroup>
  <ItemGroup>
    <ClInclude Include="MathDemoApp.h">
      <Filter>Header Files</Filter>
    </ClInclude>
    <ClInclude Include="settings.h">
      <Filter>Header Files</Filter>
    </ClInclude>
    <ClInclude Include="Node.h">
      <Filter>Header Files\Nodes</Filter>
    </ClInclude>
    <ClInclude Include="ResourceManager\ErrorManager.h">
      <Filter>Header Files\ResourceManager</Filter>
    </ClInclude>
    <ClInclude Include="ResourceManager\ResourceManager.h">
      <Filter>Header Files\ResourceManager</Filter>
    </ClInclude>
    <ClInclude Include="SpriteNode.h">
      <Filter>Header Files\Nodes</Filter>
    </ClInclude>
    <ClInclude Include="OBB.h">
      <Filter>Header Files\Colliders</Filter>
    </ClInclude>
    <ClInclude Include="GameEntity.h">
      <Filter>Header Files\Entities</Filter>
    </ClInclude>
    <ClInclude Include="Vehicle.h">
      <Filter>Header Files\Entities\Vehicles</Filter>
    </ClInclude>
    <ClInclude Include="Tank.h">
      <Filter>Header Files\Entities\Vehicles</Filter>
    </ClInclude>
    <ClInclude Include="Creature.h">
      <Filter>Header Files\Entities\Creature</Filter>
    </ClInclude>
    <ClInclude Include="Bullet.h">
      <Filter>Header Files</Filter>
    </ClInclude>
  </ItemGroup>
</Project>